// !$*UTF8*$!
{
	archiveVersion = 1;
	classes = {
	};
	objectVersion = 46;
	objects = {

/* Begin PBXAggregateTarget section */
		DE8EE0D4214A48D0B63252F0 /* ZERO_CHECK */ = {
			isa = PBXAggregateTarget;
			buildConfigurationList = FECDB8B5BC4E4B95AAF85F9F /* Build configuration list for PBXAggregateTarget "ZERO_CHECK" */;
			buildPhases = (
				4A08D5FE3D4D41568E8779D9 /* CMake Rules */,
			);
			dependencies = (
			);
			name = ZERO_CHECK;
			productName = ZERO_CHECK;
		};
		EB70D88E44824532B87B7B24 /* ALL_BUILD */ = {
			isa = PBXAggregateTarget;
			buildConfigurationList = B04796BCE7A54D04ABEF9E37 /* Build configuration list for PBXAggregateTarget "ALL_BUILD" */;
			buildPhases = (
				1371B280E4094061BE9B100B /* CMake Rules */,
			);
			dependencies = (
				5045339481CD4026B11C52B1 /* PBXTargetDependency */,
				5FE4279D7BB142D8BA682DAC /* PBXTargetDependency */,
			);
			name = ALL_BUILD;
			productName = ALL_BUILD;
		};
/* End PBXAggregateTarget section */

/* Begin PBXBuildFile section */
		098BF1FBA0EF4252BDE0556F /* /Volumes/CarND/01_Self_Driving_Car_ND/T2/Proj3_Localization/Proj/CarND-Kidnapped-Vehicle-Project/src/main.cpp */ = {isa = PBXBuildFile; fileRef = 652AB3038E2243A4B98C6A27 /* /Volumes/CarND/01_Self_Driving_Car_ND/T2/Proj3_Localization/Proj/CarND-Kidnapped-Vehicle-Project/src/main.cpp */; };
		313FFD110BA847A3B41D612C /* /Volumes/CarND/01_Self_Driving_Car_ND/T2/Proj3_Localization/Proj/CarND-Kidnapped-Vehicle-Project/src/json.hpp */ = {isa = PBXBuildFile; fileRef = 2DFA9F3AEFB14EC99568593B /* /Volumes/CarND/01_Self_Driving_Car_ND/T2/Proj3_Localization/Proj/CarND-Kidnapped-Vehicle-Project/src/json.hpp */; };
		8C1D11EFA28449E6B2D1DB88 /* /Volumes/CarND/01_Self_Driving_Car_ND/T2/Proj3_Localization/Proj/CarND-Kidnapped-Vehicle-Project/src/helper_functions.h */ = {isa = PBXBuildFile; fileRef = FB6508307BA84FF4B39EBF1E /* /Volumes/CarND/01_Self_Driving_Car_ND/T2/Proj3_Localization/Proj/CarND-Kidnapped-Vehicle-Project/src/helper_functions.h */; };
		8DBBE33D54884D2497D075E2 /* /Volumes/CarND/01_Self_Driving_Car_ND/T2/Proj3_Localization/Proj/CarND-Kidnapped-Vehicle-Project/src/particle_filter.h */ = {isa = PBXBuildFile; fileRef = 1AD7D4EEB48A496884961705 /* /Volumes/CarND/01_Self_Driving_Car_ND/T2/Proj3_Localization/Proj/CarND-Kidnapped-Vehicle-Project/src/particle_filter.h */; };
		AA7F3617C47046BC9DB2FF56 /* /Volumes/CarND/01_Self_Driving_Car_ND/T2/Proj3_Localization/Proj/CarND-Kidnapped-Vehicle-Project/CMakeLists.txt */ = {isa = PBXBuildFile; fileRef = E571DDC1A2F2474D8B62BC2D /* /Volumes/CarND/01_Self_Driving_Car_ND/T2/Proj3_Localization/Proj/CarND-Kidnapped-Vehicle-Project/CMakeLists.txt */; };
		B4974C4834B14CE98CE5891E /* /Volumes/CarND/01_Self_Driving_Car_ND/T2/Proj3_Localization/Proj/CarND-Kidnapped-Vehicle-Project/src/particle_filter.cpp */ = {isa = PBXBuildFile; fileRef = 24CC56255A9546AEA719143A /* /Volumes/CarND/01_Self_Driving_Car_ND/T2/Proj3_Localization/Proj/CarND-Kidnapped-Vehicle-Project/src/particle_filter.cpp */; };
		FF84F7F348A64ACB9A72888F /* /Volumes/CarND/01_Self_Driving_Car_ND/T2/Proj3_Localization/Proj/CarND-Kidnapped-Vehicle-Project/src/map.h */ = {isa = PBXBuildFile; fileRef = FC4AA21C568843AA8A03C113 /* /Volumes/CarND/01_Self_Driving_Car_ND/T2/Proj3_Localization/Proj/CarND-Kidnapped-Vehicle-Project/src/map.h */; };
/* End PBXBuildFile section */

/* Begin PBXBuildStyle section */
		27C3A7DE460440519F73DBC9 /* RelWithDebInfo */ = {
			isa = PBXBuildStyle;
			buildSettings = {
				COPY_PHASE_STRIP = NO;
			};
			name = RelWithDebInfo;
		};
		293E8BAB2B1842C9A5D49733 /* MinSizeRel */ = {
			isa = PBXBuildStyle;
			buildSettings = {
				COPY_PHASE_STRIP = NO;
			};
			name = MinSizeRel;
		};
		BB8B42256FAD4BFBA94BC7C3 /* Release */ = {
			isa = PBXBuildStyle;
			buildSettings = {
				COPY_PHASE_STRIP = NO;
			};
			name = Release;
		};
		E68D30FE368C44598BC79EE6 /* Debug */ = {
			isa = PBXBuildStyle;
			buildSettings = {
				COPY_PHASE_STRIP = NO;
			};
			name = Debug;
		};
		FE88E6FD907A468A99970C14 = {
			isa = PBXBuildStyle;
		};
/* End PBXBuildStyle section */

/* Begin PBXContainerItemProxy section */
		469F71255E444F9EBD51A75A /* PBXContainerItemProxy */ = {
			isa = PBXContainerItemProxy;
			containerPortal = 0B28E9AEF1544AE1AD96FE26 /* Project object */;
			proxyType = 1;
			remoteGlobalIDString = BD742747F85A413C9129993B;
			remoteInfo = particle_filter;
		};
		6ABAE4626EB747F1BDD33B5F /* PBXContainerItemProxy */ = {
			isa = PBXContainerItemProxy;
			containerPortal = 0B28E9AEF1544AE1AD96FE26 /* Project object */;
			proxyType = 1;
			remoteGlobalIDString = DE8EE0D4214A48D0B63252F0;
			remoteInfo = ZERO_CHECK;
		};
		AC4BE7682F5445C686DB97C7 /* PBXContainerItemProxy */ = {
			isa = PBXContainerItemProxy;
			containerPortal = 0B28E9AEF1544AE1AD96FE26 /* Project object */;
			proxyType = 1;
			remoteGlobalIDString = DE8EE0D4214A48D0B63252F0;
			remoteInfo = ZERO_CHECK;
		};
/* End PBXContainerItemProxy section */

/* Begin PBXFileReference section */
		1AD7D4EEB48A496884961705 /* /Volumes/CarND/01_Self_Driving_Car_ND/T2/Proj3_Localization/Proj/CarND-Kidnapped-Vehicle-Project/src/particle_filter.h */ = {isa = PBXFileReference; explicitFileType = sourcecode.c.h; fileEncoding = 4; name = particle_filter.h; path = src/particle_filter.h; sourceTree = SOURCE_ROOT; };
		24CC56255A9546AEA719143A /* /Volumes/CarND/01_Self_Driving_Car_ND/T2/Proj3_Localization/Proj/CarND-Kidnapped-Vehicle-Project/src/particle_filter.cpp */ = {isa = PBXFileReference; explicitFileType = sourcecode.cpp.cpp; fileEncoding = 4; name = particle_filter.cpp; path = src/particle_filter.cpp; sourceTree = SOURCE_ROOT; };
		2DFA9F3AEFB14EC99568593B /* /Volumes/CarND/01_Self_Driving_Car_ND/T2/Proj3_Localization/Proj/CarND-Kidnapped-Vehicle-Project/src/json.hpp */ = {isa = PBXFileReference; explicitFileType = sourcecode.cpp.h; fileEncoding = 4; name = json.hpp; path = src/json.hpp; sourceTree = SOURCE_ROOT; };
		652AB3038E2243A4B98C6A27 /* /Volumes/CarND/01_Self_Driving_Car_ND/T2/Proj3_Localization/Proj/CarND-Kidnapped-Vehicle-Project/src/main.cpp */ = {isa = PBXFileReference; explicitFileType = sourcecode.cpp.cpp; fileEncoding = 4; name = main.cpp; path = src/main.cpp; sourceTree = SOURCE_ROOT; };
		A84A658F171A4278AC6B8DC2 /* /Volumes/CarND/01_Self_Driving_Car_ND/T2/Proj3_Localization/Proj/CarND-Kidnapped-Vehicle-Project/CMakeLists.txt */ = {isa = PBXFileReference; explicitFileType = sourcecode.text; fileEncoding = 4; name = CMakeLists.txt; path = CMakeLists.txt; sourceTree = SOURCE_ROOT; };
		B28DC0EE99DE451085B94D03 /* /Volumes/CarND/01_Self_Driving_Car_ND/T2/Proj3_Localization/Proj/CarND-Kidnapped-Vehicle-Project/CMakeLists.txt */ = {isa = PBXFileReference; explicitFileType = sourcecode.text; fileEncoding = 4; name = CMakeLists.txt; path = CMakeLists.txt; sourceTree = SOURCE_ROOT; };
		E551D2CC0D17468882492558 /* particle_filter */ = {isa = PBXFileReference; explicitFileType = "compiled.mach-o.executable"; path = particle_filter; sourceTree = BUILT_PRODUCTS_DIR; };
		E571DDC1A2F2474D8B62BC2D /* /Volumes/CarND/01_Self_Driving_Car_ND/T2/Proj3_Localization/Proj/CarND-Kidnapped-Vehicle-Project/CMakeLists.txt */ = {isa = PBXFileReference; explicitFileType = sourcecode.text; fileEncoding = 4; name = CMakeLists.txt; path = CMakeLists.txt; sourceTree = SOURCE_ROOT; };
		FB6508307BA84FF4B39EBF1E /* /Volumes/CarND/01_Self_Driving_Car_ND/T2/Proj3_Localization/Proj/CarND-Kidnapped-Vehicle-Project/src/helper_functions.h */ = {isa = PBXFileReference; explicitFileType = sourcecode.c.h; fileEncoding = 4; name = helper_functions.h; path = src/helper_functions.h; sourceTree = SOURCE_ROOT; };
		FC4AA21C568843AA8A03C113 /* /Volumes/CarND/01_Self_Driving_Car_ND/T2/Proj3_Localization/Proj/CarND-Kidnapped-Vehicle-Project/src/map.h */ = {isa = PBXFileReference; explicitFileType = sourcecode.c.h; fileEncoding = 4; name = map.h; path = src/map.h; sourceTree = SOURCE_ROOT; };
/* End PBXFileReference section */

/* Begin PBXGroup section */
		116C74702D104D0185B20043 /* ALL_BUILD */ = {
			isa = PBXGroup;
			children = (
				CF955013344A4AEEB2710B88 /* CMake Rules */,
				B28DC0EE99DE451085B94D03 /* /Volumes/CarND/01_Self_Driving_Car_ND/T2/Proj3_Localization/Proj/CarND-Kidnapped-Vehicle-Project/CMakeLists.txt */,
			);
			name = ALL_BUILD;
			sourceTree = "<group>";
		};
		27AE1F9959D848B1A63CC849 /* Sources */ = {
			isa = PBXGroup;
			children = (
				DCCDA8B6C8F74D0882BFE0F7 /* particle_filter */,
				116C74702D104D0185B20043 /* ALL_BUILD */,
				C48BD9B2644340C2BBEC9C4A /* ZERO_CHECK */,
			);
			name = Sources;
			sourceTree = "<group>";
		};
		33AF1E5E9F974D21A0FDBFE7 /* Source Files */ = {
			isa = PBXGroup;
			children = (
				652AB3038E2243A4B98C6A27 /* /Volumes/CarND/01_Self_Driving_Car_ND/T2/Proj3_Localization/Proj/CarND-Kidnapped-Vehicle-Project/src/main.cpp */,
				24CC56255A9546AEA719143A /* /Volumes/CarND/01_Self_Driving_Car_ND/T2/Proj3_Localization/Proj/CarND-Kidnapped-Vehicle-Project/src/particle_filter.cpp */,
			);
			name = "Source Files";
			sourceTree = "<group>";
		};
		6B09AA39669444B8B7CF0079 /* Resources */ = {
			isa = PBXGroup;
			children = (
			);
			name = Resources;
			sourceTree = "<group>";
		};
		6E57D441CF014BEE8980C67B /* CMake Rules */ = {
			isa = PBXGroup;
			children = (
			);
			name = "CMake Rules";
			sourceTree = "<group>";
		};
		82A24C9CFF8A4F039A1B9365 /* Header Files */ = {
			isa = PBXGroup;
			children = (
				FB6508307BA84FF4B39EBF1E /* /Volumes/CarND/01_Self_Driving_Car_ND/T2/Proj3_Localization/Proj/CarND-Kidnapped-Vehicle-Project/src/helper_functions.h */,
				2DFA9F3AEFB14EC99568593B /* /Volumes/CarND/01_Self_Driving_Car_ND/T2/Proj3_Localization/Proj/CarND-Kidnapped-Vehicle-Project/src/json.hpp */,
				FC4AA21C568843AA8A03C113 /* /Volumes/CarND/01_Self_Driving_Car_ND/T2/Proj3_Localization/Proj/CarND-Kidnapped-Vehicle-Project/src/map.h */,
				1AD7D4EEB48A496884961705 /* /Volumes/CarND/01_Self_Driving_Car_ND/T2/Proj3_Localization/Proj/CarND-Kidnapped-Vehicle-Project/src/particle_filter.h */,
			);
			name = "Header Files";
			sourceTree = "<group>";
		};
		89274E4B437C494081178FE2 /* Products */ = {
			isa = PBXGroup;
			children = (
				E551D2CC0D17468882492558 /* particle_filter */,
			);
			name = Products;
			sourceTree = "<group>";
		};
		C48BD9B2644340C2BBEC9C4A /* ZERO_CHECK */ = {
			isa = PBXGroup;
			children = (
				6E57D441CF014BEE8980C67B /* CMake Rules */,
				A84A658F171A4278AC6B8DC2 /* /Volumes/CarND/01_Self_Driving_Car_ND/T2/Proj3_Localization/Proj/CarND-Kidnapped-Vehicle-Project/CMakeLists.txt */,
			);
			name = ZERO_CHECK;
			sourceTree = "<group>";
		};
		CD63D88A0EAA428FA66BD08A = {
			isa = PBXGroup;
			children = (
				27AE1F9959D848B1A63CC849 /* Sources */,
				6B09AA39669444B8B7CF0079 /* Resources */,
				89274E4B437C494081178FE2 /* Products */,
			);
			sourceTree = "<group>";
		};
		CF955013344A4AEEB2710B88 /* CMake Rules */ = {
			isa = PBXGroup;
			children = (
			);
			name = "CMake Rules";
			sourceTree = "<group>";
		};
		DCCDA8B6C8F74D0882BFE0F7 /* particle_filter */ = {
			isa = PBXGroup;
			children = (
				33AF1E5E9F974D21A0FDBFE7 /* Source Files */,
				82A24C9CFF8A4F039A1B9365 /* Header Files */,
				E571DDC1A2F2474D8B62BC2D /* /Volumes/CarND/01_Self_Driving_Car_ND/T2/Proj3_Localization/Proj/CarND-Kidnapped-Vehicle-Project/CMakeLists.txt */,
			);
			name = particle_filter;
			sourceTree = "<group>";
		};
/* End PBXGroup section */

/* Begin PBXNativeTarget section */
		BD742747F85A413C9129993B /* particle_filter */ = {
			isa = PBXNativeTarget;
			buildConfigurationList = 1E2C5CD0C0E544799622C43E /* Build configuration list for PBXNativeTarget "particle_filter" */;
			buildPhases = (
				B039149561BE4980B34F7666 /* Sources */,
			);
			buildRules = (
			);
			dependencies = (
				1E6789D764944BE695A57BD3 /* PBXTargetDependency */,
			);
			name = particle_filter;
			productName = particle_filter;
			productReference = E551D2CC0D17468882492558 /* particle_filter */;
			productType = "com.apple.product-type.tool";
		};
/* End PBXNativeTarget section */

/* Begin PBXProject section */
		0B28E9AEF1544AE1AD96FE26 /* Project object */ = {
			isa = PBXProject;
			attributes = {
				BuildIndependentTargetsInParallel = YES;
				LastUpgradeCheck = 0830;
			};
			buildConfigurationList = 395235B6D61345058A71EB17 /* Build configuration list for PBXProject "PARTICLE_FILTER" */;
			buildSettings = {
			};
			buildStyles = (
				E68D30FE368C44598BC79EE6 /* Debug */,
				BB8B42256FAD4BFBA94BC7C3 /* Release */,
				293E8BAB2B1842C9A5D49733 /* MinSizeRel */,
				27C3A7DE460440519F73DBC9 /* RelWithDebInfo */,
			);
			compatibilityVersion = "Xcode 3.2";
			hasScannedForEncodings = 0;
			mainGroup = CD63D88A0EAA428FA66BD08A;
			projectDirPath = ../;
			projectRoot = "";
			targets = (
				EB70D88E44824532B87B7B24 /* ALL_BUILD */,
				DE8EE0D4214A48D0B63252F0 /* ZERO_CHECK */,
				BD742747F85A413C9129993B /* particle_filter */,
			);
		};
/* End PBXProject section */

/* Begin PBXShellScriptBuildPhase section */
		1371B280E4094061BE9B100B /* CMake Rules */ = {
			isa = PBXShellScriptBuildPhase;
			buildActionMask = 2147483647;
			files = (
			);
			name = "CMake Rules";
			runOnlyForDeploymentPostprocessing = 0;
			shellPath = /bin/sh;
			shellScript = "make -C /Volumes/CarND/01_Self_Driving_Car_ND/T2/Proj3_Localization/Proj/CarND-Kidnapped-Vehicle-Project/XCodeProj -f /Volumes/CarND/01_Self_Driving_Car_ND/T2/Proj3_Localization/Proj/CarND-Kidnapped-Vehicle-Project/XCodeProj/CMakeScripts/ALL_BUILD_cmakeRulesBuildPhase.make$CONFIGURATION all";
			showEnvVarsInLog = 0;
		};
		4A08D5FE3D4D41568E8779D9 /* CMake Rules */ = {
			isa = PBXShellScriptBuildPhase;
			buildActionMask = 2147483647;
			files = (
			);
			name = "CMake Rules";
			runOnlyForDeploymentPostprocessing = 0;
			shellPath = /bin/sh;
			shellScript = "make -C /Volumes/CarND/01_Self_Driving_Car_ND/T2/Proj3_Localization/Proj/CarND-Kidnapped-Vehicle-Project/XCodeProj -f /Volumes/CarND/01_Self_Driving_Car_ND/T2/Proj3_Localization/Proj/CarND-Kidnapped-Vehicle-Project/XCodeProj/CMakeScripts/ZERO_CHECK_cmakeRulesBuildPhase.make$CONFIGURATION all";
			showEnvVarsInLog = 0;
		};
		801D45B28DB641D980C8493A = {
			isa = PBXShellScriptBuildPhase;
			buildActionMask = 2147483647;
			files = (
			);
			inputPaths = (
			);
			outputPaths = (
			);
			runOnlyForDeploymentPostprocessing = 0;
			shellPath = /bin/sh;
			shellScript = "# shell script goes here
exit 0";
			showEnvVarsInLog = 0;
		};
		982C3042D90E4FB693C837B1 = {
			isa = PBXShellScriptBuildPhase;
			buildActionMask = 2147483647;
			files = (
			);
			inputPaths = (
			);
			outputPaths = (
			);
			runOnlyForDeploymentPostprocessing = 0;
			shellPath = /bin/sh;
			shellScript = "# shell script goes here
exit 0";
			showEnvVarsInLog = 0;
		};
/* End PBXShellScriptBuildPhase section */

/* Begin PBXSourcesBuildPhase section */
		B039149561BE4980B34F7666 /* Sources */ = {
			isa = PBXSourcesBuildPhase;
			buildActionMask = 2147483647;
			files = (
				098BF1FBA0EF4252BDE0556F /* /Volumes/CarND/01_Self_Driving_Car_ND/T2/Proj3_Localization/Proj/CarND-Kidnapped-Vehicle-Project/src/main.cpp */,
				B4974C4834B14CE98CE5891E /* /Volumes/CarND/01_Self_Driving_Car_ND/T2/Proj3_Localization/Proj/CarND-Kidnapped-Vehicle-Project/src/particle_filter.cpp */,
			);
			runOnlyForDeploymentPostprocessing = 0;
		};
/* End PBXSourcesBuildPhase section */

/* Begin PBXTargetDependency section */
		1E6789D764944BE695A57BD3 /* PBXTargetDependency */ = {
			isa = PBXTargetDependency;
			target = DE8EE0D4214A48D0B63252F0 /* ZERO_CHECK */;
			targetProxy = 6ABAE4626EB747F1BDD33B5F /* PBXContainerItemProxy */;
		};
		5045339481CD4026B11C52B1 /* PBXTargetDependency */ = {
			isa = PBXTargetDependency;
			target = DE8EE0D4214A48D0B63252F0 /* ZERO_CHECK */;
			targetProxy = AC4BE7682F5445C686DB97C7 /* PBXContainerItemProxy */;
		};
		5FE4279D7BB142D8BA682DAC /* PBXTargetDependency */ = {
			isa = PBXTargetDependency;
			target = BD742747F85A413C9129993B /* particle_filter */;
			targetProxy = 469F71255E444F9EBD51A75A /* PBXContainerItemProxy */;
		};
/* End PBXTargetDependency section */

/* Begin XCBuildConfiguration section */
		23236C6ACC2C49A8B344BF42 /* Debug */ = {
			isa = XCBuildConfiguration;
			buildSettings = {
				ONLY_ACTIVE_ARCH = YES;
				SDKROOT = /Applications/Xcode.app/Contents/Developer/Platforms/MacOSX.platform/Developer/SDKs/MacOSX10.12.sdk;
				SYMROOT = "/Volumes/CarND/01_Self_Driving_Car_ND/T2/Proj3_Localization/Proj/CarND-Kidnapped-Vehicle-Project/XCodeProj/build";
			};
			name = Debug;
		};
		2871EDC680524282902867F1 /* Release */ = {
			isa = XCBuildConfiguration;
			buildSettings = {
				COMBINE_HIDPI_IMAGES = YES;
				GCC_GENERATE_DEBUGGING_SYMBOLS = YES;
				GCC_INLINES_ARE_PRIVATE_EXTERN = NO;
				GCC_OPTIMIZATION_LEVEL = 0;
				GCC_PREPROCESSOR_DEFINITIONS = ("'CMAKE_INTDIR=\"$(CONFIGURATION)$(EFFECTIVE_PLATFORM_NAME)\"'");
				GCC_SYMBOLS_PRIVATE_EXTERN = NO;
				HEADER_SEARCH_PATHS = (/usr/local/include,/usr/local/opt/openssl/include);
				INSTALL_PATH = "";
				OTHER_LDFLAGS = " ";
				OTHER_REZFLAGS = "";
				PRODUCT_NAME = ZERO_CHECK;
				SECTORDER_FLAGS = "";
				SYMROOT = "/Volumes/CarND/01_Self_Driving_Car_ND/T2/Proj3_Localization/Proj/CarND-Kidnapped-Vehicle-Project/XCodeProj";
				USE_HEADERMAP = NO;
				WARNING_CFLAGS = ("-Wmost","-Wno-four-char-constants","-Wno-unknown-pragmas","$(inherited)");
			};
			name = Release;
		};
		2BA03EDDBE28461AB0599DA7 /* RelWithDebInfo */ = {
			isa = XCBuildConfiguration;
			buildSettings = {
				COMBINE_HIDPI_IMAGES = YES;
				GCC_GENERATE_DEBUGGING_SYMBOLS = YES;
				GCC_INLINES_ARE_PRIVATE_EXTERN = NO;
				GCC_OPTIMIZATION_LEVEL = 0;
				GCC_PREPROCESSOR_DEFINITIONS = ("'CMAKE_INTDIR=\"$(CONFIGURATION)$(EFFECTIVE_PLATFORM_NAME)\"'");
				GCC_SYMBOLS_PRIVATE_EXTERN = NO;
				HEADER_SEARCH_PATHS = (/usr/local/include,/usr/local/opt/openssl/include);
				INSTALL_PATH = "";
				OTHER_LDFLAGS = " ";
				OTHER_REZFLAGS = "";
				PRODUCT_NAME = ALL_BUILD;
				SECTORDER_FLAGS = "";
				SYMROOT = "/Volumes/CarND/01_Self_Driving_Car_ND/T2/Proj3_Localization/Proj/CarND-Kidnapped-Vehicle-Project/XCodeProj";
				USE_HEADERMAP = NO;
				WARNING_CFLAGS = ("-Wmost","-Wno-four-char-constants","-Wno-unknown-pragmas","$(inherited)");
			};
			name = RelWithDebInfo;
		};
		7E22E93B3C764166B6F89049 /* MinSizeRel */ = {
			isa = XCBuildConfiguration;
			buildSettings = {
				COMBINE_HIDPI_IMAGES = YES;
				EXECUTABLE_PREFIX = "";
				EXECUTABLE_SUFFIX = "";
				GCC_GENERATE_DEBUGGING_SYMBOLS = NO;
				GCC_INLINES_ARE_PRIVATE_EXTERN = NO;
				GCC_OPTIMIZATION_LEVEL = s;
				GCC_PREPROCESSOR_DEFINITIONS = ("'CMAKE_INTDIR=\"$(CONFIGURATION)$(EFFECTIVE_PLATFORM_NAME)\"'");
				GCC_SYMBOLS_PRIVATE_EXTERN = NO;
				HEADER_SEARCH_PATHS = (/usr/local/include,/usr/local/opt/openssl/include);
				INSTALL_PATH = "";
				LD_RUNPATH_SEARCH_PATHS = "/usr/local/lib /usr/local/opt/openssl/lib /usr/local/Cellar/libuv/1.11.0/lib";
				LIBRARY_SEARCH_PATHS = " /usr/local/lib/$(CONFIGURATION)$(EFFECTIVE_PLATFORM_NAME) /usr/local/lib /usr/local/opt/openssl/lib/$(CONFIGURATION)$(EFFECTIVE_PLATFORM_NAME) /usr/local/opt/openssl/lib /usr/local/Cellar/libuv/1.11.0/lib/$(CONFIGURATION)$(EFFECTIVE_PLATFORM_NAME) /usr/local/Cellar/libuv/1.11.0/lib";
				OTHER_CPLUSPLUSFLAGS = "    -DNDEBUG -I/usr/local/include -I/usr/local/opt/openssl/include    -std=c++11";
				OTHER_LDFLAGS = " -Wl,-search_paths_first -Wl,-headerpad_max_install_names  -lz -lssl -luv -luWS";
				OTHER_REZFLAGS = "";
				PRODUCT_NAME = particle_filter;
				SECTORDER_FLAGS = "";
				SYMROOT = "/Volumes/CarND/01_Self_Driving_Car_ND/T2/Proj3_Localization/Proj/CarND-Kidnapped-Vehicle-Project/XCodeProj";
				USE_HEADERMAP = NO;
				WARNING_CFLAGS = ("-Wmost","-Wno-four-char-constants","-Wno-unknown-pragmas","$(inherited)");
			};
			name = MinSizeRel;
		};
		9968483ACA854C2F815D07FC /* Release */ = {
			isa = XCBuildConfiguration;
			buildSettings = {
				ONLY_ACTIVE_ARCH = YES;
				SDKROOT = /Applications/Xcode.app/Contents/Developer/Platforms/MacOSX.platform/Developer/SDKs/MacOSX10.12.sdk;
				SYMROOT = "/Volumes/CarND/01_Self_Driving_Car_ND/T2/Proj3_Localization/Proj/CarND-Kidnapped-Vehicle-Project/XCodeProj/build";
			};
			name = Release;
		};
		9CFFAF8087CF4B0B98703C96 /* RelWithDebInfo */ = {
			isa = XCBuildConfiguration;
			buildSettings = {
				COMBINE_HIDPI_IMAGES = YES;
				EXECUTABLE_PREFIX = "";
				EXECUTABLE_SUFFIX = "";
				GCC_GENERATE_DEBUGGING_SYMBOLS = YES;
				GCC_INLINES_ARE_PRIVATE_EXTERN = NO;
				GCC_OPTIMIZATION_LEVEL = 2;
				GCC_PREPROCESSOR_DEFINITIONS = ("'CMAKE_INTDIR=\"$(CONFIGURATION)$(EFFECTIVE_PLATFORM_NAME)\"'");
				GCC_SYMBOLS_PRIVATE_EXTERN = NO;
				HEADER_SEARCH_PATHS = (/usr/local/include,/usr/local/opt/openssl/include);
				INSTALL_PATH = "";
				LD_RUNPATH_SEARCH_PATHS = "/usr/local/lib /usr/local/opt/openssl/lib /usr/local/Cellar/libuv/1.11.0/lib";
				LIBRARY_SEARCH_PATHS = " /usr/local/lib/$(CONFIGURATION)$(EFFECTIVE_PLATFORM_NAME) /usr/local/lib /usr/local/opt/openssl/lib/$(CONFIGURATION)$(EFFECTIVE_PLATFORM_NAME) /usr/local/opt/openssl/lib /usr/local/Cellar/libuv/1.11.0/lib/$(CONFIGURATION)$(EFFECTIVE_PLATFORM_NAME) /usr/local/Cellar/libuv/1.11.0/lib";
				OTHER_CPLUSPLUSFLAGS = "       -DNDEBUG -I/usr/local/include -I/usr/local/opt/openssl/include    -std=c++11";
				OTHER_LDFLAGS = " -Wl,-search_paths_first -Wl,-headerpad_max_install_names  -lz -lssl -luv -luWS";
				OTHER_REZFLAGS = "";
				PRODUCT_NAME = particle_filter;
				SECTORDER_FLAGS = "";
				SYMROOT = "/Volumes/CarND/01_Self_Driving_Car_ND/T2/Proj3_Localization/Proj/CarND-Kidnapped-Vehicle-Project/XCodeProj";
				USE_HEADERMAP = NO;
				WARNING_CFLAGS = ("-Wmost","-Wno-four-char-constants","-Wno-unknown-pragmas","$(inherited)");
			};
			name = RelWithDebInfo;
		};
		A398AA1D9BE947E1B4E8F773 /* Release */ = {
			isa = XCBuildConfiguration;
			buildSettings = {
				COMBINE_HIDPI_IMAGES = YES;
				GCC_GENERATE_DEBUGGING_SYMBOLS = YES;
				GCC_INLINES_ARE_PRIVATE_EXTERN = NO;
				GCC_OPTIMIZATION_LEVEL = 0;
				GCC_PREPROCESSOR_DEFINITIONS = ("'CMAKE_INTDIR=\"$(CONFIGURATION)$(EFFECTIVE_PLATFORM_NAME)\"'");
				GCC_SYMBOLS_PRIVATE_EXTERN = NO;
				HEADER_SEARCH_PATHS = (/usr/local/include,/usr/local/opt/openssl/include);
				INSTALL_PATH = "";
				OTHER_LDFLAGS = " ";
				OTHER_REZFLAGS = "";
				PRODUCT_NAME = ALL_BUILD;
				SECTORDER_FLAGS = "";
				SYMROOT = "/Volumes/CarND/01_Self_Driving_Car_ND/T2/Proj3_Localization/Proj/CarND-Kidnapped-Vehicle-Project/XCodeProj";
				USE_HEADERMAP = NO;
				WARNING_CFLAGS = ("-Wmost","-Wno-four-char-constants","-Wno-unknown-pragmas","$(inherited)");
			};
			name = Release;
		};
		A7343B5E6241468C83E4E2B1 /* Debug */ = {
			isa = XCBuildConfiguration;
			buildSettings = {
				COMBINE_HIDPI_IMAGES = YES;
				GCC_GENERATE_DEBUGGING_SYMBOLS = YES;
				GCC_INLINES_ARE_PRIVATE_EXTERN = NO;
				GCC_OPTIMIZATION_LEVEL = 0;
				GCC_PREPROCESSOR_DEFINITIONS = ("'CMAKE_INTDIR=\"$(CONFIGURATION)$(EFFECTIVE_PLATFORM_NAME)\"'");
				GCC_SYMBOLS_PRIVATE_EXTERN = NO;
				HEADER_SEARCH_PATHS = (/usr/local/include,/usr/local/opt/openssl/include);
				INSTALL_PATH = "";
				OTHER_LDFLAGS = " ";
				OTHER_REZFLAGS = "";
				PRODUCT_NAME = ALL_BUILD;
				SECTORDER_FLAGS = "";
				SYMROOT = "/Volumes/CarND/01_Self_Driving_Car_ND/T2/Proj3_Localization/Proj/CarND-Kidnapped-Vehicle-Project/XCodeProj";
				USE_HEADERMAP = NO;
				WARNING_CFLAGS = ("-Wmost","-Wno-four-char-constants","-Wno-unknown-pragmas","$(inherited)");
			};
			name = Debug;
		};
		A9D641DB662B44E9844D7FE2 /* MinSizeRel */ = {
			isa = XCBuildConfiguration;
			buildSettings = {
				COMBINE_HIDPI_IMAGES = YES;
				GCC_GENERATE_DEBUGGING_SYMBOLS = YES;
				GCC_INLINES_ARE_PRIVATE_EXTERN = NO;
				GCC_OPTIMIZATION_LEVEL = 0;
				GCC_PREPROCESSOR_DEFINITIONS = ("'CMAKE_INTDIR=\"$(CONFIGURATION)$(EFFECTIVE_PLATFORM_NAME)\"'");
				GCC_SYMBOLS_PRIVATE_EXTERN = NO;
				HEADER_SEARCH_PATHS = (/usr/local/include,/usr/local/opt/openssl/include);
				INSTALL_PATH = "";
				OTHER_LDFLAGS = " ";
				OTHER_REZFLAGS = "";
				PRODUCT_NAME = ZERO_CHECK;
				SECTORDER_FLAGS = "";
				SYMROOT = "/Volumes/CarND/01_Self_Driving_Car_ND/T2/Proj3_Localization/Proj/CarND-Kidnapped-Vehicle-Project/XCodeProj";
				USE_HEADERMAP = NO;
				WARNING_CFLAGS = ("-Wmost","-Wno-four-char-constants","-Wno-unknown-pragmas","$(inherited)");
			};
			name = MinSizeRel;
		};
		AC37F025E07D4D47AAF621F3 /* Release */ = {
			isa = XCBuildConfiguration;
			buildSettings = {
				COMBINE_HIDPI_IMAGES = YES;
				EXECUTABLE_PREFIX = "";
				EXECUTABLE_SUFFIX = "";
				GCC_GENERATE_DEBUGGING_SYMBOLS = NO;
				GCC_INLINES_ARE_PRIVATE_EXTERN = NO;
				GCC_OPTIMIZATION_LEVEL = 3;
				GCC_PREPROCESSOR_DEFINITIONS = ("'CMAKE_INTDIR=\"$(CONFIGURATION)$(EFFECTIVE_PLATFORM_NAME)\"'");
				GCC_SYMBOLS_PRIVATE_EXTERN = NO;
				HEADER_SEARCH_PATHS = (/usr/local/include,/usr/local/opt/openssl/include);
				INSTALL_PATH = "";
				LD_RUNPATH_SEARCH_PATHS = "/usr/local/lib /usr/local/opt/openssl/lib /usr/local/Cellar/libuv/1.11.0/lib";
				LIBRARY_SEARCH_PATHS = " /usr/local/lib/$(CONFIGURATION)$(EFFECTIVE_PLATFORM_NAME) /usr/local/lib /usr/local/opt/openssl/lib/$(CONFIGURATION)$(EFFECTIVE_PLATFORM_NAME) /usr/local/opt/openssl/lib /usr/local/Cellar/libuv/1.11.0/lib/$(CONFIGURATION)$(EFFECTIVE_PLATFORM_NAME) /usr/local/Cellar/libuv/1.11.0/lib";
				OTHER_CPLUSPLUSFLAGS = "    -DNDEBUG -I/usr/local/include -I/usr/local/opt/openssl/include    -std=c++11";
				OTHER_LDFLAGS = " -Wl,-search_paths_first -Wl,-headerpad_max_install_names  -lz -lssl -luv -luWS";
				OTHER_REZFLAGS = "";
				PRODUCT_NAME = particle_filter;
				SECTORDER_FLAGS = "";
				SYMROOT = "/Volumes/CarND/01_Self_Driving_Car_ND/T2/Proj3_Localization/Proj/CarND-Kidnapped-Vehicle-Project/XCodeProj";
				USE_HEADERMAP = NO;
				WARNING_CFLAGS = ("-Wmost","-Wno-four-char-constants","-Wno-unknown-pragmas","$(inherited)");
			};
			name = Release;
		};
		AF3EBC5D59BB49A0836B5E48 /* Debug */ = {
			isa = XCBuildConfiguration;
			buildSettings = {
				COMBINE_HIDPI_IMAGES = YES;
				GCC_GENERATE_DEBUGGING_SYMBOLS = YES;
				GCC_INLINES_ARE_PRIVATE_EXTERN = NO;
				GCC_OPTIMIZATION_LEVEL = 0;
				GCC_PREPROCESSOR_DEFINITIONS = ("'CMAKE_INTDIR=\"$(CONFIGURATION)$(EFFECTIVE_PLATFORM_NAME)\"'");
				GCC_SYMBOLS_PRIVATE_EXTERN = NO;
				HEADER_SEARCH_PATHS = (/usr/local/include,/usr/local/opt/openssl/include);
				INSTALL_PATH = "";
				OTHER_LDFLAGS = " ";
				OTHER_REZFLAGS = "";
				PRODUCT_NAME = ZERO_CHECK;
				SECTORDER_FLAGS = "";
				SYMROOT = "/Volumes/CarND/01_Self_Driving_Car_ND/T2/Proj3_Localization/Proj/CarND-Kidnapped-Vehicle-Project/XCodeProj";
				USE_HEADERMAP = NO;
				WARNING_CFLAGS = ("-Wmost","-Wno-four-char-constants","-Wno-unknown-pragmas","$(inherited)");
			};
			name = Debug;
		};
		BD46A5B1C4874571AEDA20A6 /* MinSizeRel */ = {
			isa = XCBuildConfiguration;
			buildSettings = {
				COMBINE_HIDPI_IMAGES = YES;
				GCC_GENERATE_DEBUGGING_SYMBOLS = YES;
				GCC_INLINES_ARE_PRIVATE_EXTERN = NO;
				GCC_OPTIMIZATION_LEVEL = 0;
				GCC_PREPROCESSOR_DEFINITIONS = ("'CMAKE_INTDIR=\"$(CONFIGURATION)$(EFFECTIVE_PLATFORM_NAME)\"'");
				GCC_SYMBOLS_PRIVATE_EXTERN = NO;
				HEADER_SEARCH_PATHS = (/usr/local/include,/usr/local/opt/openssl/include);
				INSTALL_PATH = "";
				OTHER_LDFLAGS = " ";
				OTHER_REZFLAGS = "";
				PRODUCT_NAME = ALL_BUILD;
				SECTORDER_FLAGS = "";
				SYMROOT = "/Volumes/CarND/01_Self_Driving_Car_ND/T2/Proj3_Localization/Proj/CarND-Kidnapped-Vehicle-Project/XCodeProj";
				USE_HEADERMAP = NO;
				WARNING_CFLAGS = ("-Wmost","-Wno-four-char-constants","-Wno-unknown-pragmas","$(inherited)");
			};
			name = MinSizeRel;
		};
		C0E8A177455D4E4398EEFBC0 /* RelWithDebInfo */ = {
			isa = XCBuildConfiguration;
			buildSettings = {
				ONLY_ACTIVE_ARCH = YES;
				SDKROOT = /Applications/Xcode.app/Contents/Developer/Platforms/MacOSX.platform/Developer/SDKs/MacOSX10.12.sdk;
				SYMROOT = "/Volumes/CarND/01_Self_Driving_Car_ND/T2/Proj3_Localization/Proj/CarND-Kidnapped-Vehicle-Project/XCodeProj/build";
			};
			name = RelWithDebInfo;
		};
		DFD22B3FD8984DB589FFEA54 /* RelWithDebInfo */ = {
			isa = XCBuildConfiguration;
			buildSettings = {
				COMBINE_HIDPI_IMAGES = YES;
				GCC_GENERATE_DEBUGGING_SYMBOLS = YES;
				GCC_INLINES_ARE_PRIVATE_EXTERN = NO;
				GCC_OPTIMIZATION_LEVEL = 0;
				GCC_PREPROCESSOR_DEFINITIONS = ("'CMAKE_INTDIR=\"$(CONFIGURATION)$(EFFECTIVE_PLATFORM_NAME)\"'");
				GCC_SYMBOLS_PRIVATE_EXTERN = NO;
				HEADER_SEARCH_PATHS = (/usr/local/include,/usr/local/opt/openssl/include);
				INSTALL_PATH = "";
				OTHER_LDFLAGS = " ";
				OTHER_REZFLAGS = "";
				PRODUCT_NAME = ZERO_CHECK;
				SECTORDER_FLAGS = "";
				SYMROOT = "/Volumes/CarND/01_Self_Driving_Car_ND/T2/Proj3_Localization/Proj/CarND-Kidnapped-Vehicle-Project/XCodeProj";
				USE_HEADERMAP = NO;
				WARNING_CFLAGS = ("-Wmost","-Wno-four-char-constants","-Wno-unknown-pragmas","$(inherited)");
			};
			name = RelWithDebInfo;
		};
		E2E3D4F89F874B88865C33B1 /* Debug */ = {
			isa = XCBuildConfiguration;
			buildSettings = {
				COMBINE_HIDPI_IMAGES = YES;
				EXECUTABLE_PREFIX = "";
				EXECUTABLE_SUFFIX = "";
				GCC_GENERATE_DEBUGGING_SYMBOLS = YES;
				GCC_INLINES_ARE_PRIVATE_EXTERN = NO;
				GCC_OPTIMIZATION_LEVEL = 0;
				GCC_PREPROCESSOR_DEFINITIONS = ("'CMAKE_INTDIR=\"$(CONFIGURATION)$(EFFECTIVE_PLATFORM_NAME)\"'");
				GCC_SYMBOLS_PRIVATE_EXTERN = NO;
				HEADER_SEARCH_PATHS = (/usr/local/include,/usr/local/opt/openssl/include);
				INSTALL_PATH = "";
				LD_RUNPATH_SEARCH_PATHS = "/usr/local/lib /usr/local/opt/openssl/lib /usr/local/Cellar/libuv/1.11.0/lib";
				LIBRARY_SEARCH_PATHS = " /usr/local/lib/$(CONFIGURATION)$(EFFECTIVE_PLATFORM_NAME) /usr/local/lib /usr/local/opt/openssl/lib/$(CONFIGURATION)$(EFFECTIVE_PLATFORM_NAME) /usr/local/opt/openssl/lib /usr/local/Cellar/libuv/1.11.0/lib/$(CONFIGURATION)$(EFFECTIVE_PLATFORM_NAME) /usr/local/Cellar/libuv/1.11.0/lib";
				OTHER_CPLUSPLUSFLAGS = "   -I/usr/local/include -I/usr/local/opt/openssl/include    -std=c++11";
				OTHER_LDFLAGS = " -Wl,-search_paths_first -Wl,-headerpad_max_install_names  -lz -lssl -luv -luWS";
				OTHER_REZFLAGS = "";
				PRODUCT_NAME = particle_filter;
				SECTORDER_FLAGS = "";
				SYMROOT = "/Volumes/CarND/01_Self_Driving_Car_ND/T2/Proj3_Localization/Proj/CarND-Kidnapped-Vehicle-Project/XCodeProj";
				USE_HEADERMAP = NO;
				WARNING_CFLAGS = ("-Wmost","-Wno-four-char-constants","-Wno-unknown-pragmas","$(inherited)");
			};
			name = Debug;
		};
		F7CE06F0924949FB931261E0 /* MinSizeRel */ = {
			isa = XCBuildConfiguration;
			buildSettings = {
				ONLY_ACTIVE_ARCH = YES;
				SDKROOT = /Applications/Xcode.app/Contents/Developer/Platforms/MacOSX.platform/Developer/SDKs/MacOSX10.12.sdk;
				SYMROOT = "/Volumes/CarND/01_Self_Driving_Car_ND/T2/Proj3_Localization/Proj/CarND-Kidnapped-Vehicle-Project/XCodeProj/build";
			};
			name = MinSizeRel;
		};
/* End XCBuildConfiguration section */

/* Begin XCConfigurationList section */
		1E2C5CD0C0E544799622C43E /* Build configuration list for PBXNativeTarget "particle_filter" */ = {
			isa = XCConfigurationList;
			buildConfigurations = (
				E2E3D4F89F874B88865C33B1 /* Debug */,
				AC37F025E07D4D47AAF621F3 /* Release */,
				7E22E93B3C764166B6F89049 /* MinSizeRel */,
				9CFFAF8087CF4B0B98703C96 /* RelWithDebInfo */,
			);
			defaultConfigurationIsVisible = 0;
			defaultConfigurationName = Debug;
		};
		395235B6D61345058A71EB17 /* Build configuration list for PBXProject "PARTICLE_FILTER" */ = {
			isa = XCConfigurationList;
			buildConfigurations = (
				23236C6ACC2C49A8B344BF42 /* Debug */,
				9968483ACA854C2F815D07FC /* Release */,
				F7CE06F0924949FB931261E0 /* MinSizeRel */,
				C0E8A177455D4E4398EEFBC0 /* RelWithDebInfo */,
			);
			defaultConfigurationIsVisible = 0;
			defaultConfigurationName = Debug;
		};
		B04796BCE7A54D04ABEF9E37 /* Build configuration list for PBXAggregateTarget "ALL_BUILD" */ = {
			isa = XCConfigurationList;
			buildConfigurations = (
				A7343B5E6241468C83E4E2B1 /* Debug */,
				A398AA1D9BE947E1B4E8F773 /* Release */,
				BD46A5B1C4874571AEDA20A6 /* MinSizeRel */,
				2BA03EDDBE28461AB0599DA7 /* RelWithDebInfo */,
			);
			defaultConfigurationIsVisible = 0;
			defaultConfigurationName = Debug;
		};
		FECDB8B5BC4E4B95AAF85F9F /* Build configuration list for PBXAggregateTarget "ZERO_CHECK" */ = {
			isa = XCConfigurationList;
			buildConfigurations = (
				AF3EBC5D59BB49A0836B5E48 /* Debug */,
				2871EDC680524282902867F1 /* Release */,
				A9D641DB662B44E9844D7FE2 /* MinSizeRel */,
				DFD22B3FD8984DB589FFEA54 /* RelWithDebInfo */,
			);
			defaultConfigurationIsVisible = 0;
			defaultConfigurationName = Debug;
		};
/* End XCConfigurationList section */
	};
	rootObject = 0B28E9AEF1544AE1AD96FE26 /* Project object */;
}
